
Microsoft Visual Studio Solution File, Format Version 12.00
# Visual Studio Version 16
VisualStudioVersion = 16.0.30204.135
MinimumVisualStudioVersion = 10.0.40219.1
Project("{FAE04EC0-301F-11D3-BF4B-00C04F79EFBC}") = "MVCDemoPart1", "MVCDemoPart1\MVCDemoPart1.csproj", "{3616702A-EE39-495A-83F7-784D02EB8088}"
EndProject
Global
	GlobalSection(SolutionConfigurationPlatforms) = preSolution
		Debug|Any CPU = Debug|Any CPU
		Release|Any CPU = Release|Any CPU
	EndGlobalSection
	GlobalSection(ProjectConfigurationPlatforms) = postSolution
		{3616702A-EE39-495A-83F7-784D02EB8088}.Debug|Any CPU.ActiveCfg = Debug|Any CPU
		{3616702A-EE39-495A-83F7-784D02EB8088}.Debug|Any CPU.Build.0 = Debug|Any CPU
		{3616702A-EE39-495A-83F7-784D02EB8088}.Release|Any CPU.ActiveCfg = Release|Any CPU
		{3616702A-EE39-495A-83F7-784D02EB8088}.Release|Any CPU.Build.0 = Release|Any CPU
	EndGlobalSection
	GlobalSection(SolutionProperties) = preSolution
		HideSolutionNode = FALSE
	EndGlobalSection
	GlobalSection(ExtensibilityGlobals) = postSolution
		SolutionGuid = {799F5D06-8ACD-4CB5-B83D-6B25C318A6E4}
	EndGlobalSection
EndGlobal
